
Microsoft Visual Studio Solution File, Format Version 12.00
# Visual Studio 15
VisualStudioVersion = 15.0.26124.0
MinimumVisualStudioVersion = 15.0.26124.0
Project("{FAE04EC0-301F-11D3-BF4B-00C04F79EFBC}") = "Domain", "Domain\Domain.csproj", "{6475D855-0E5B-4406-89FA-211D5E5DBD5D}"
EndProject
Project("{FAE04EC0-301F-11D3-BF4B-00C04F79EFBC}") = "Application", "Application\Application.csproj", "{CC3B3743-56A2-4849-916F-B17BF960B3D8}"
EndProject
Project("{FAE04EC0-301F-11D3-BF4B-00C04F79EFBC}") = "Persistence", "Persistence\Persistence.csproj", "{B6FF4FF0-FCA0-4092-8C20-7678D451B539}"
EndProject
Project("{FAE04EC0-301F-11D3-BF4B-00C04F79EFBC}") = "API", "API\API.csproj", "{8D5195D5-3445-4941-8962-B081CA2CEC75}"
EndProject
Global
	GlobalSection(SolutionConfigurationPlatforms) = preSolution
		Debug|Any CPU = Debug|Any CPU
		Debug|x64 = Debug|x64
		Debug|x86 = Debug|x86
		Release|Any CPU = Release|Any CPU
		Release|x64 = Release|x64
		Release|x86 = Release|x86
	EndGlobalSection
	GlobalSection(SolutionProperties) = preSolution
		HideSolutionNode = FALSE
	EndGlobalSection
	GlobalSection(ProjectConfigurationPlatforms) = postSolution
		{6475D855-0E5B-4406-89FA-211D5E5DBD5D}.Debug|Any CPU.ActiveCfg = Debug|Any CPU
		{6475D855-0E5B-4406-89FA-211D5E5DBD5D}.Debug|Any CPU.Build.0 = Debug|Any CPU
		{6475D855-0E5B-4406-89FA-211D5E5DBD5D}.Debug|x64.ActiveCfg = Debug|Any CPU
		{6475D855-0E5B-4406-89FA-211D5E5DBD5D}.Debug|x64.Build.0 = Debug|Any CPU
		{6475D855-0E5B-4406-89FA-211D5E5DBD5D}.Debug|x86.ActiveCfg = Debug|Any CPU
		{6475D855-0E5B-4406-89FA-211D5E5DBD5D}.Debug|x86.Build.0 = Debug|Any CPU
		{6475D855-0E5B-4406-89FA-211D5E5DBD5D}.Release|Any CPU.ActiveCfg = Release|Any CPU
		{6475D855-0E5B-4406-89FA-211D5E5DBD5D}.Release|Any CPU.Build.0 = Release|Any CPU
		{6475D855-0E5B-4406-89FA-211D5E5DBD5D}.Release|x64.ActiveCfg = Release|Any CPU
		{6475D855-0E5B-4406-89FA-211D5E5DBD5D}.Release|x64.Build.0 = Release|Any CPU
		{6475D855-0E5B-4406-89FA-211D5E5DBD5D}.Release|x86.ActiveCfg = Release|Any CPU
		{6475D855-0E5B-4406-89FA-211D5E5DBD5D}.Release|x86.Build.0 = Release|Any CPU
		{CC3B3743-56A2-4849-916F-B17BF960B3D8}.Debug|Any CPU.ActiveCfg = Debug|Any CPU
		{CC3B3743-56A2-4849-916F-B17BF960B3D8}.Debug|Any CPU.Build.0 = Debug|Any CPU
		{CC3B3743-56A2-4849-916F-B17BF960B3D8}.Debug|x64.ActiveCfg = Debug|Any CPU
		{CC3B3743-56A2-4849-916F-B17BF960B3D8}.Debug|x64.Build.0 = Debug|Any CPU
		{CC3B3743-56A2-4849-916F-B17BF960B3D8}.Debug|x86.ActiveCfg = Debug|Any CPU
		{CC3B3743-56A2-4849-916F-B17BF960B3D8}.Debug|x86.Build.0 = Debug|Any CPU
		{CC3B3743-56A2-4849-916F-B17BF960B3D8}.Release|Any CPU.ActiveCfg = Release|Any CPU
		{CC3B3743-56A2-4849-916F-B17BF960B3D8}.Release|Any CPU.Build.0 = Release|Any CPU
		{CC3B3743-56A2-4849-916F-B17BF960B3D8}.Release|x64.ActiveCfg = Release|Any CPU
		{CC3B3743-56A2-4849-916F-B17BF960B3D8}.Release|x64.Build.0 = Release|Any CPU
		{CC3B3743-56A2-4849-916F-B17BF960B3D8}.Release|x86.ActiveCfg = Release|Any CPU
		{CC3B3743-56A2-4849-916F-B17BF960B3D8}.Release|x86.Build.0 = Release|Any CPU
		{B6FF4FF0-FCA0-4092-8C20-7678D451B539}.Debug|Any CPU.ActiveCfg = Debug|Any CPU
		{B6FF4FF0-FCA0-4092-8C20-7678D451B539}.Debug|Any CPU.Build.0 = Debug|Any CPU
		{B6FF4FF0-FCA0-4092-8C20-7678D451B539}.Debug|x64.ActiveCfg = Debug|Any CPU
		{B6FF4FF0-FCA0-4092-8C20-7678D451B539}.Debug|x64.Build.0 = Debug|Any CPU
		{B6FF4FF0-FCA0-4092-8C20-7678D451B539}.Debug|x86.ActiveCfg = Debug|Any CPU
		{B6FF4FF0-FCA0-4092-8C20-7678D451B539}.Debug|x86.Build.0 = Debug|Any CPU
		{B6FF4FF0-FCA0-4092-8C20-7678D451B539}.Release|Any CPU.ActiveCfg = Release|Any CPU
		{B6FF4FF0-FCA0-4092-8C20-7678D451B539}.Release|Any CPU.Build.0 = Release|Any CPU
		{B6FF4FF0-FCA0-4092-8C20-7678D451B539}.Release|x64.ActiveCfg = Release|Any CPU
		{B6FF4FF0-FCA0-4092-8C20-7678D451B539}.Release|x64.Build.0 = Release|Any CPU
		{B6FF4FF0-FCA0-4092-8C20-7678D451B539}.Release|x86.ActiveCfg = Release|Any CPU
		{B6FF4FF0-FCA0-4092-8C20-7678D451B539}.Release|x86.Build.0 = Release|Any CPU
		{8D5195D5-3445-4941-8962-B081CA2CEC75}.Debug|Any CPU.ActiveCfg = Debug|Any CPU
		{8D5195D5-3445-4941-8962-B081CA2CEC75}.Debug|Any CPU.Build.0 = Debug|Any CPU
		{8D5195D5-3445-4941-8962-B081CA2CEC75}.Debug|x64.ActiveCfg = Debug|Any CPU
		{8D5195D5-3445-4941-8962-B081CA2CEC75}.Debug|x64.Build.0 = Debug|Any CPU
		{8D5195D5-3445-4941-8962-B081CA2CEC75}.Debug|x86.ActiveCfg = Debug|Any CPU
		{8D5195D5-3445-4941-8962-B081CA2CEC75}.Debug|x86.Build.0 = Debug|Any CPU
		{8D5195D5-3445-4941-8962-B081CA2CEC75}.Release|Any CPU.ActiveCfg = Release|Any CPU
		{8D5195D5-3445-4941-8962-B081CA2CEC75}.Release|Any CPU.Build.0 = Release|Any CPU
		{8D5195D5-3445-4941-8962-B081CA2CEC75}.Release|x64.ActiveCfg = Release|Any CPU
		{8D5195D5-3445-4941-8962-B081CA2CEC75}.Release|x64.Build.0 = Release|Any CPU
		{8D5195D5-3445-4941-8962-B081CA2CEC75}.Release|x86.ActiveCfg = Release|Any CPU
		{8D5195D5-3445-4941-8962-B081CA2CEC75}.Release|x86.Build.0 = Release|Any CPU
	EndGlobalSection
EndGlobal
